
Microsoft Visual Studio Solution File, Format Version 12.00
# Visual Studio Version 16
VisualStudioVersion = 16.0.30804.86
MinimumVisualStudioVersion = 10.0.40219.1
Project("{9A19103F-16F7-4668-BE54-9A1E7A4F7556}") = "KpiScheduleApiDAL", "KpiScheduleApi.DAL\KpiScheduleApiDAL.csproj", "{1F0E5D78-40F5-4C70-8CF4-8EB06B771A63}"
EndProject
Project("{9A19103F-16F7-4668-BE54-9A1E7A4F7556}") = "ScheduleService.Models", "ScheduleService.Models\ScheduleService.Models.csproj", "{2F42BB7B-B67B-4213-BBA2-37AAB20E50D2}"
EndProject
Project("{9A19103F-16F7-4668-BE54-9A1E7A4F7556}") = "SheduleService.Core", "SheduleService.Core\SheduleService.Core.csproj", "{105FF366-5286-4082-9B13-C075EDC7048F}"
EndProject
Project("{9A19103F-16F7-4668-BE54-9A1E7A4F7556}") = "ScheduleService", "ScheduleService\ScheduleService.csproj", "{DC656148-6FF6-4048-9F51-6B39FB848A4A}"
EndProject
Project("{FAE04EC0-301F-11D3-BF4B-00C04F79EFBC}") = "ScheduleService.BLL", "ScheduleService.BLL\ScheduleService.BLL.csproj", "{3D2AB978-03C3-493B-9956-1C7FB5952B1D}"
EndProject
Global
	GlobalSection(SolutionConfigurationPlatforms) = preSolution
		Debug|Any CPU = Debug|Any CPU
		Release|Any CPU = Release|Any CPU
	EndGlobalSection
	GlobalSection(ProjectConfigurationPlatforms) = postSolution
		{1F0E5D78-40F5-4C70-8CF4-8EB06B771A63}.Debug|Any CPU.ActiveCfg = Debug|Any CPU
		{1F0E5D78-40F5-4C70-8CF4-8EB06B771A63}.Debug|Any CPU.Build.0 = Debug|Any CPU
		{1F0E5D78-40F5-4C70-8CF4-8EB06B771A63}.Release|Any CPU.ActiveCfg = Release|Any CPU
		{1F0E5D78-40F5-4C70-8CF4-8EB06B771A63}.Release|Any CPU.Build.0 = Release|Any CPU
		{2F42BB7B-B67B-4213-BBA2-37AAB20E50D2}.Debug|Any CPU.ActiveCfg = Debug|Any CPU
		{2F42BB7B-B67B-4213-BBA2-37AAB20E50D2}.Debug|Any CPU.Build.0 = Debug|Any CPU
		{2F42BB7B-B67B-4213-BBA2-37AAB20E50D2}.Release|Any CPU.ActiveCfg = Release|Any CPU
		{2F42BB7B-B67B-4213-BBA2-37AAB20E50D2}.Release|Any CPU.Build.0 = Release|Any CPU
		{105FF366-5286-4082-9B13-C075EDC7048F}.Debug|Any CPU.ActiveCfg = Debug|Any CPU
		{105FF366-5286-4082-9B13-C075EDC7048F}.Debug|Any CPU.Build.0 = Debug|Any CPU
		{105FF366-5286-4082-9B13-C075EDC7048F}.Release|Any CPU.ActiveCfg = Release|Any CPU
		{105FF366-5286-4082-9B13-C075EDC7048F}.Release|Any CPU.Build.0 = Release|Any CPU
		{DC656148-6FF6-4048-9F51-6B39FB848A4A}.Debug|Any CPU.ActiveCfg = Debug|Any CPU
		{DC656148-6FF6-4048-9F51-6B39FB848A4A}.Debug|Any CPU.Build.0 = Debug|Any CPU
		{DC656148-6FF6-4048-9F51-6B39FB848A4A}.Release|Any CPU.ActiveCfg = Release|Any CPU
		{DC656148-6FF6-4048-9F51-6B39FB848A4A}.Release|Any CPU.Build.0 = Release|Any CPU
		{3D2AB978-03C3-493B-9956-1C7FB5952B1D}.Debug|Any CPU.ActiveCfg = Debug|Any CPU
		{3D2AB978-03C3-493B-9956-1C7FB5952B1D}.Debug|Any CPU.Build.0 = Debug|Any CPU
		{3D2AB978-03C3-493B-9956-1C7FB5952B1D}.Release|Any CPU.ActiveCfg = Release|Any CPU
		{3D2AB978-03C3-493B-9956-1C7FB5952B1D}.Release|Any CPU.Build.0 = Release|Any CPU
	EndGlobalSection
	GlobalSection(SolutionProperties) = preSolution
		HideSolutionNode = FALSE
	EndGlobalSection
	GlobalSection(ExtensibilityGlobals) = postSolution
		SolutionGuid = {6CABF601-257B-470D-A7C5-8CCDDC87F188}
	EndGlobalSection
EndGlobal
